
Microsoft Visual Studio Solution File, Format Version 12.00
# Visual Studio 15
VisualStudioVersion = 15.0.28307.705
MinimumVisualStudioVersion = 10.0.40219.1
Project("{FAE04EC0-301F-11D3-BF4B-00C04F79EFBC}") = "Delagates", "Delagates\Delagates.csproj", "{4DD50144-FF06-46A4-BCE5-12B464065F80}"
EndProject
Global
	GlobalSection(SolutionConfigurationPlatforms) = preSolution
		Debug|Any CPU = Debug|Any CPU
		Release|Any CPU = Release|Any CPU
	EndGlobalSection
	GlobalSection(ProjectConfigurationPlatforms) = postSolution
		{4DD50144-FF06-46A4-BCE5-12B464065F80}.Debug|Any CPU.ActiveCfg = Debug|Any CPU
		{4DD50144-FF06-46A4-BCE5-12B464065F80}.Debug|Any CPU.Build.0 = Debug|Any CPU
		{4DD50144-FF06-46A4-BCE5-12B464065F80}.Release|Any CPU.ActiveCfg = Release|Any CPU
		{4DD50144-FF06-46A4-BCE5-12B464065F80}.Release|Any CPU.Build.0 = Release|Any CPU
	EndGlobalSection
	GlobalSection(SolutionProperties) = preSolution
		HideSolutionNode = FALSE
	EndGlobalSection
	GlobalSection(ExtensibilityGlobals) = postSolution
		SolutionGuid = {81E0F201-64F3-4BA5-8104-E4A04B51DC00}
	EndGlobalSection
EndGlobal
