
Microsoft Visual Studio Solution File, Format Version 12.00
# Visual Studio 15
VisualStudioVersion = 15.0.27428.1
MinimumVisualStudioVersion = 10.0.40219.1
Project("{FAE04EC0-301F-11D3-BF4B-00C04F79EFBC}") = "ConsoleApp2", "ConsoleApp2\ConsoleApp2.csproj", "{7F63EB93-52FD-4C89-BEB6-152D5D22C50E}"
EndProject
Global
	GlobalSection(SolutionConfigurationPlatforms) = preSolution
		Debug|Any CPU = Debug|Any CPU
		Release|Any CPU = Release|Any CPU
	EndGlobalSection
	GlobalSection(ProjectConfigurationPlatforms) = postSolution
		{7F63EB93-52FD-4C89-BEB6-152D5D22C50E}.Debug|Any CPU.ActiveCfg = Debug|Any CPU
		{7F63EB93-52FD-4C89-BEB6-152D5D22C50E}.Debug|Any CPU.Build.0 = Debug|Any CPU
		{7F63EB93-52FD-4C89-BEB6-152D5D22C50E}.Release|Any CPU.ActiveCfg = Release|Any CPU
		{7F63EB93-52FD-4C89-BEB6-152D5D22C50E}.Release|Any CPU.Build.0 = Release|Any CPU
	EndGlobalSection
	GlobalSection(SolutionProperties) = preSolution
		HideSolutionNode = FALSE
	EndGlobalSection
	GlobalSection(ExtensibilityGlobals) = postSolution
		SolutionGuid = {3973E67F-50B8-4249-B2F9-1DBE6CFBE9AA}
	EndGlobalSection
EndGlobal
